
Microsoft Visual Studio Solution File, Format Version 12.00
# Visual Studio Version 17
VisualStudioVersion = 17.1.32210.238
MinimumVisualStudioVersion = 10.0.40219.1
Project("{FAE04EC0-301F-11D3-BF4B-00C04F79EFBC}") = "MaquinaDeBebidas", "MaquinaDeBebidas\MaquinaDeBebidas.csproj", "{4D1D6019-9026-405C-B8C6-805D240E2B77}"
EndProject
Global
	GlobalSection(SolutionConfigurationPlatforms) = preSolution
		Debug|Any CPU = Debug|Any CPU
		Release|Any CPU = Release|Any CPU
	EndGlobalSection
	GlobalSection(ProjectConfigurationPlatforms) = postSolution
		{4D1D6019-9026-405C-B8C6-805D240E2B77}.Debug|Any CPU.ActiveCfg = Debug|Any CPU
		{4D1D6019-9026-405C-B8C6-805D240E2B77}.Debug|Any CPU.Build.0 = Debug|Any CPU
		{4D1D6019-9026-405C-B8C6-805D240E2B77}.Release|Any CPU.ActiveCfg = Release|Any CPU
		{4D1D6019-9026-405C-B8C6-805D240E2B77}.Release|Any CPU.Build.0 = Release|Any CPU
	EndGlobalSection
	GlobalSection(SolutionProperties) = preSolution
		HideSolutionNode = FALSE
	EndGlobalSection
	GlobalSection(ExtensibilityGlobals) = postSolution
		SolutionGuid = {2875B378-E2E1-4F05-BF8E-CE5CD2EA9E7F}
	EndGlobalSection
EndGlobal
